
Microsoft Visual Studio Solution File, Format Version 12.00
# Visual Studio Version 16
VisualStudioVersion = 16.0.30309.148
MinimumVisualStudioVersion = 10.0.40219.1
Project("{9A19103F-16F7-4668-BE54-9A1E7A4F7556}") = "AppGM", "AppGM\AppGM.csproj", "{3F1F4E2A-28DD-4442-90F6-F7093D7E2B53}"
EndProject
Project("{9A19103F-16F7-4668-BE54-9A1E7A4F7556}") = "AppGM.Core", "AppGMCore\AppGM.Core.csproj", "{6F074809-E04D-4B07-A955-1B21C85EBB83}"
EndProject
Project("{9A19103F-16F7-4668-BE54-9A1E7A4F7556}") = "AppGM.Tests", "AppGM.Tests\AppGM.Tests.csproj", "{DBCF33F2-BC46-4FCC-B48E-7B2340F26B9C}"
EndProject
Global
	GlobalSection(SolutionConfigurationPlatforms) = preSolution
		Debug|Any CPU = Debug|Any CPU
		Release|Any CPU = Release|Any CPU
	EndGlobalSection
	GlobalSection(ProjectConfigurationPlatforms) = postSolution
		{3F1F4E2A-28DD-4442-90F6-F7093D7E2B53}.Debug|Any CPU.ActiveCfg = Debug|Any CPU
		{3F1F4E2A-28DD-4442-90F6-F7093D7E2B53}.Debug|Any CPU.Build.0 = Debug|Any CPU
		{3F1F4E2A-28DD-4442-90F6-F7093D7E2B53}.Release|Any CPU.ActiveCfg = Release|Any CPU
		{3F1F4E2A-28DD-4442-90F6-F7093D7E2B53}.Release|Any CPU.Build.0 = Release|Any CPU
		{6F074809-E04D-4B07-A955-1B21C85EBB83}.Debug|Any CPU.ActiveCfg = Debug|Any CPU
		{6F074809-E04D-4B07-A955-1B21C85EBB83}.Debug|Any CPU.Build.0 = Debug|Any CPU
		{6F074809-E04D-4B07-A955-1B21C85EBB83}.Release|Any CPU.ActiveCfg = Release|Any CPU
		{6F074809-E04D-4B07-A955-1B21C85EBB83}.Release|Any CPU.Build.0 = Release|Any CPU
		{DBCF33F2-BC46-4FCC-B48E-7B2340F26B9C}.Debug|Any CPU.ActiveCfg = Debug|Any CPU
		{DBCF33F2-BC46-4FCC-B48E-7B2340F26B9C}.Debug|Any CPU.Build.0 = Debug|Any CPU
		{DBCF33F2-BC46-4FCC-B48E-7B2340F26B9C}.Release|Any CPU.ActiveCfg = Release|Any CPU
		{DBCF33F2-BC46-4FCC-B48E-7B2340F26B9C}.Release|Any CPU.Build.0 = Release|Any CPU
	EndGlobalSection
	GlobalSection(SolutionProperties) = preSolution
		HideSolutionNode = FALSE
	EndGlobalSection
	GlobalSection(ExtensibilityGlobals) = postSolution
		SolutionGuid = {3D93C628-6883-4605-A1F9-E1BFB4655379}
	EndGlobalSection
EndGlobal
